// !$*UTF8*$!
{
	archiveVersion = 1;
	classes = {
	};
	objectVersion = 77;
	objects = {

/* Begin PBXContainerItemProxy section */
		AF8BEAA42DEB54AD0055E9ED /* PBXContainerItemProxy */ = {
			isa = PBXContainerItemProxy;
			containerPortal = AF8BEA8B2DEB54AB0055E9ED /* Project object */;
			proxyType = 1;
			remoteGlobalIDString = AF8BEA922DEB54AB0055E9ED;
			remoteInfo = Projektstudium_NBI;
		};
		AF8BEAAE2DEB54AD0055E9ED /* PBXContainerItemProxy */ = {
			isa = PBXContainerItemProxy;
			containerPortal = AF8BEA8B2DEB54AB0055E9ED /* Project object */;
			proxyType = 1;
			remoteGlobalIDString = AF8BEA922DEB54AB0055E9ED;
			remoteInfo = Projektstudium_NBI;
		};
/* End PBXContainerItemProxy section */

/* Begin PBXFileReference section */
		AF8BEA932DEB54AB0055E9ED /* Projektstudium_NBI.app */ = {isa = PBXFileReference; explicitFileType = wrapper.application; includeInIndex = 0; path = Projektstudium_NBI.app; sourceTree = BUILT_PRODUCTS_DIR; };
		AF8BEAA32DEB54AD0055E9ED /* Projektstudium_NBITests.xctest */ = {isa = PBXFileReference; explicitFileType = wrapper.cfbundle; includeInIndex = 0; path = Projektstudium_NBITests.xctest; sourceTree = BUILT_PRODUCTS_DIR; };
		AF8BEAAD2DEB54AD0055E9ED /* Projektstudium_NBIUITests.xctest */ = {isa = PBXFileReference; explicitFileType = wrapper.cfbundle; includeInIndex = 0; path = Projektstudium_NBIUITests.xctest; sourceTree = BUILT_PRODUCTS_DIR; };
/* End PBXFileReference section */

/* Begin PBXFileSystemSynchronizedRootGroup section */
		AF8BEA952DEB54AB0055E9ED /* Projektstudium_NBI */ = {
			isa = PBXFileSystemSynchronizedRootGroup;
			path = Projektstudium_NBI;
			sourceTree = "<group>";
		};
		AF8BEAA62DEB54AD0055E9ED /* Projektstudium_NBITests */ = {
			isa = PBXFileSystemSynchronizedRootGroup;
			path = Projektstudium_NBITests;
			sourceTree = "<group>";
		};
		AF8BEAB02DEB54AD0055E9ED /* Projektstudium_NBIUITests */ = {
			isa = PBXFileSystemSynchronizedRootGroup;
			path = Projektstudium_NBIUITests;
			sourceTree = "<group>";
		};
/* End PBXFileSystemSynchronizedRootGroup section */

/* Begin PBXFrameworksBuildPhase section */
		AF8BEA902DEB54AB0055E9ED /* Frameworks */ = {
			isa = PBXFrameworksBuildPhase;
			buildActionMask = 2147483647;
			files = (
			);
			runOnlyForDeploymentPostprocessing = 0;
		};
		AF8BEAA02DEB54AD0055E9ED /* Frameworks */ = {
			isa = PBXFrameworksBuildPhase;
			buildActionMask = 2147483647;
			files = (
			);
			runOnlyForDeploymentPostprocessing = 0;
		};
		AF8BEAAA2DEB54AD0055E9ED /* Frameworks */ = {
			isa = PBXFrameworksBuildPhase;
			buildActionMask = 2147483647;
			files = (
			);
			runOnlyForDeploymentPostprocessing = 0;
		};
/* End PBXFrameworksBuildPhase section */

/* Begin PBXGroup section */
		AF8BEA8A2DEB54AB0055E9ED = {
			isa = PBXGroup;
			children = (
				AF8BEA952DEB54AB0055E9ED /* Projektstudium_NBI */,
				AF8BEAA62DEB54AD0055E9ED /* Projektstudium_NBITests */,
				AF8BEAB02DEB54AD0055E9ED /* Projektstudium_NBIUITests */,
				AF8BEA942DEB54AB0055E9ED /* Products */,
			);
			sourceTree = "<group>";
		};
		AF8BEA942DEB54AB0055E9ED /* Products */ = {
			isa = PBXGroup;
			children = (
				AF8BEA932DEB54AB0055E9ED /* Projektstudium_NBI.app */,
				AF8BEAA32DEB54AD0055E9ED /* Projektstudium_NBITests.xctest */,
				AF8BEAAD2DEB54AD0055E9ED /* Projektstudium_NBIUITests.xctest */,
			);
			name = Products;
			sourceTree = "<group>";
		};
/* End PBXGroup section */

/* Begin PBXNativeTarget section */
		AF8BEA922DEB54AB0055E9ED /* Projektstudium_NBI */ = {
			isa = PBXNativeTarget;
			buildConfigurationList = AF8BEAB72DEB54AD0055E9ED /* Build configuration list for PBXNativeTarget "Projektstudium_NBI" */;
			buildPhases = (
				AF8BEA8F2DEB54AB0055E9ED /* Sources */,
				AF8BEA902DEB54AB0055E9ED /* Frameworks */,
				AF8BEA912DEB54AB0055E9ED /* Resources */,
			);
			buildRules = (
			);
			dependencies = (
			);
			fileSystemSynchronizedGroups = (
				AF8BEA952DEB54AB0055E9ED /* Projektstudium_NBI */,
			);
			name = Projektstudium_NBI;
			packageProductDependencies = (
			);
			productName = Projektstudium_NBI;
			productReference = AF8BEA932DEB54AB0055E9ED /* Projektstudium_NBI.app */;
			productType = "com.apple.product-type.application";
		};
		AF8BEAA22DEB54AD0055E9ED /* Projektstudium_NBITests */ = {
			isa = PBXNativeTarget;
			buildConfigurationList = AF8BEABA2DEB54AD0055E9ED /* Build configuration list for PBXNativeTarget "Projektstudium_NBITests" */;
			buildPhases = (
				AF8BEA9F2DEB54AD0055E9ED /* Sources */,
				AF8BEAA02DEB54AD0055E9ED /* Frameworks */,
				AF8BEAA12DEB54AD0055E9ED /* Resources */,
			);
			buildRules = (
			);
			dependencies = (
				AF8BEAA52DEB54AD0055E9ED /* PBXTargetDependency */,
			);
			fileSystemSynchronizedGroups = (
				AF8BEAA62DEB54AD0055E9ED /* Projektstudium_NBITests */,
			);
			name = Projektstudium_NBITests;
			packageProductDependencies = (
			);
			productName = Projektstudium_NBITests;
			productReference = AF8BEAA32DEB54AD0055E9ED /* Projektstudium_NBITests.xctest */;
			productType = "com.apple.product-type.bundle.unit-test";
		};
		AF8BEAAC2DEB54AD0055E9ED /* Projektstudium_NBIUITests */ = {
			isa = PBXNativeTarget;
			buildConfigurationList = AF8BEABD2DEB54AD0055E9ED /* Build configuration list for PBXNativeTarget "Projektstudium_NBIUITests" */;
			buildPhases = (
				AF8BEAA92DEB54AD0055E9ED /* Sources */,
				AF8BEAAA2DEB54AD0055E9ED /* Frameworks */,
				AF8BEAAB2DEB54AD0055E9ED /* Resources */,
			);
			buildRules = (
			);
			dependencies = (
				AF8BEAAF2DEB54AD0055E9ED /* PBXTargetDependency */,
			);
			fileSystemSynchronizedGroups = (
				AF8BEAB02DEB54AD0055E9ED /* Projektstudium_NBIUITests */,
			);
			name = Projektstudium_NBIUITests;
			packageProductDependencies = (
			);
			productName = Projektstudium_NBIUITests;
			productReference = AF8BEAAD2DEB54AD0055E9ED /* Projektstudium_NBIUITests.xctest */;
			productType = "com.apple.product-type.bundle.ui-testing";
		};
/* End PBXNativeTarget section */

/* Begin PBXProject section */
		AF8BEA8B2DEB54AB0055E9ED /* Project object */ = {
			isa = PBXProject;
			attributes = {
				BuildIndependentTargetsInParallel = 1;
				LastSwiftUpdateCheck = 1600;
				LastUpgradeCheck = 1600;
				TargetAttributes = {
					AF8BEA922DEB54AB0055E9ED = {
						CreatedOnToolsVersion = 16.0;
					};
					AF8BEAA22DEB54AD0055E9ED = {
						CreatedOnToolsVersion = 16.0;
						TestTargetID = AF8BEA922DEB54AB0055E9ED;
					};
					AF8BEAAC2DEB54AD0055E9ED = {
						CreatedOnToolsVersion = 16.0;
						TestTargetID = AF8BEA922DEB54AB0055E9ED;
					};
				};
			};
			buildConfigurationList = AF8BEA8E2DEB54AB0055E9ED /* Build configuration list for PBXProject "Projektstudium_NBI" */;
			developmentRegion = en;
			hasScannedForEncodings = 0;
			knownRegions = (
				en,
				Base,
			);
			mainGroup = AF8BEA8A2DEB54AB0055E9ED;
			minimizedProjectReferenceProxies = 1;
			preferredProjectObjectVersion = 77;
			productRefGroup = AF8BEA942DEB54AB0055E9ED /* Products */;
			projectDirPath = "";
			projectRoot = "";
			targets = (
				AF8BEA922DEB54AB0055E9ED /* Projektstudium_NBI */,
				AF8BEAA22DEB54AD0055E9ED /* Projektstudium_NBITests */,
				AF8BEAAC2DEB54AD0055E9ED /* Projektstudium_NBIUITests */,
			);
		};
/* End PBXProject section */

/* Begin PBXResourcesBuildPhase section */
		AF8BEA912DEB54AB0055E9ED /* Resources */ = {
			isa = PBXResourcesBuildPhase;
			buildActionMask = 2147483647;
			files = (
			);
			runOnlyForDeploymentPostprocessing = 0;
		};
		AF8BEAA12DEB54AD0055E9ED /* Resources */ = {
			isa = PBXResourcesBuildPhase;
			buildActionMask = 2147483647;
			files = (
			);
			runOnlyForDeploymentPostprocessing = 0;
		};
		AF8BEAAB2DEB54AD0055E9ED /* Resources */ = {
			isa = PBXResourcesBuildPhase;
			buildActionMask = 2147483647;
			files = (
			);
			runOnlyForDeploymentPostprocessing = 0;
		};
/* End PBXResourcesBuildPhase section */

/* Begin PBXSourcesBuildPhase section */
		AF8BEA8F2DEB54AB0055E9ED /* Sources */ = {
			isa = PBXSourcesBuildPhase;
			buildActionMask = 2147483647;
			files = (
			);
			runOnlyForDeploymentPostprocessing = 0;
		};
		AF8BEA9F2DEB54AD0055E9ED /* Sources */ = {
			isa = PBXSourcesBuildPhase;
			buildActionMask = 2147483647;
			files = (
			);
			runOnlyForDeploymentPostprocessing = 0;
		};
		AF8BEAA92DEB54AD0055E9ED /* Sources */ = {
			isa = PBXSourcesBuildPhase;
			buildActionMask = 2147483647;
			files = (
			);
			runOnlyForDeploymentPostprocessing = 0;
		};
/* End PBXSourcesBuildPhase section */

/* Begin PBXTargetDependency section */
		AF8BEAA52DEB54AD0055E9ED /* PBXTargetDependency */ = {
			isa = PBXTargetDependency;
			target = AF8BEA922DEB54AB0055E9ED /* Projektstudium_NBI */;
			targetProxy = AF8BEAA42DEB54AD0055E9ED /* PBXContainerItemProxy */;
		};
		AF8BEAAF2DEB54AD0055E9ED /* PBXTargetDependency */ = {
			isa = PBXTargetDependency;
			target = AF8BEA922DEB54AB0055E9ED /* Projektstudium_NBI */;
			targetProxy = AF8BEAAE2DEB54AD0055E9ED /* PBXContainerItemProxy */;
		};
/* End PBXTargetDependency section */

/* Begin XCBuildConfiguration section */
		AF8BEAB52DEB54AD0055E9ED /* Debug */ = {
			isa = XCBuildConfiguration;
			buildSettings = {
				ALWAYS_SEARCH_USER_PATHS = NO;
				ASSETCATALOG_COMPILER_GENERATE_SWIFT_ASSET_SYMBOL_EXTENSIONS = YES;
				CLANG_ANALYZER_NONNULL = YES;
				CLANG_ANALYZER_NUMBER_OBJECT_CONVERSION = YES_AGGRESSIVE;
				CLANG_CXX_LANGUAGE_STANDARD = "gnu++20";
				CLANG_ENABLE_MODULES = YES;
				CLANG_ENABLE_OBJC_ARC = YES;
				CLANG_ENABLE_OBJC_WEAK = YES;
				CLANG_WARN_BLOCK_CAPTURE_AUTORELEASING = YES;
				CLANG_WARN_BOOL_CONVERSION = YES;
				CLANG_WARN_COMMA = YES;
				CLANG_WARN_CONSTANT_CONVERSION = YES;
				CLANG_WARN_DEPRECATED_OBJC_IMPLEMENTATIONS = YES;
				CLANG_WARN_DIRECT_OBJC_ISA_USAGE = YES_ERROR;
				CLANG_WARN_DOCUMENTATION_COMMENTS = YES;
				CLANG_WARN_EMPTY_BODY = YES;
				CLANG_WARN_ENUM_CONVERSION = YES;
				CLANG_WARN_INFINITE_RECURSION = YES;
				CLANG_WARN_INT_CONVERSION = YES;
				CLANG_WARN_NON_LITERAL_NULL_CONVERSION = YES;
				CLANG_WARN_OBJC_IMPLICIT_RETAIN_SELF = YES;
				CLANG_WARN_OBJC_LITERAL_CONVERSION = YES;
				CLANG_WARN_OBJC_ROOT_CLASS = YES_ERROR;
				CLANG_WARN_QUOTED_INCLUDE_IN_FRAMEWORK_HEADER = YES;
				CLANG_WARN_RANGE_LOOP_ANALYSIS = YES;
				CLANG_WARN_STRICT_PROTOTYPES = YES;
				CLANG_WARN_SUSPICIOUS_MOVE = YES;
				CLANG_WARN_UNGUARDED_AVAILABILITY = YES_AGGRESSIVE;
				CLANG_WARN_UNREACHABLE_CODE = YES;
				CLANG_WARN__DUPLICATE_METHOD_MATCH = YES;
				COPY_PHASE_STRIP = NO;
				DEBUG_INFORMATION_FORMAT = dwarf;
				ENABLE_STRICT_OBJC_MSGSEND = YES;
				ENABLE_TESTABILITY = YES;
				ENABLE_USER_SCRIPT_SANDBOXING = YES;
				GCC_C_LANGUAGE_STANDARD = gnu17;
				GCC_DYNAMIC_NO_PIC = NO;
				GCC_NO_COMMON_BLOCKS = YES;
				GCC_OPTIMIZATION_LEVEL = 0;
				GCC_PREPROCESSOR_DEFINITIONS = (
					"DEBUG=1",
					"$(inherited)",
				);
				GCC_WARN_64_TO_32_BIT_CONVERSION = YES;
				GCC_WARN_ABOUT_RETURN_TYPE = YES_ERROR;
				GCC_WARN_UNDECLARED_SELECTOR = YES;
				GCC_WARN_UNINITIALIZED_AUTOS = YES_AGGRESSIVE;
				GCC_WARN_UNUSED_FUNCTION = YES;
				GCC_WARN_UNUSED_VARIABLE = YES;
				IPHONEOS_DEPLOYMENT_TARGET = 18.0;
				LOCALIZATION_PREFERS_STRING_CATALOGS = YES;
				MTL_ENABLE_DEBUG_INFO = INCLUDE_SOURCE;
				MTL_FAST_MATH = YES;
				ONLY_ACTIVE_ARCH = YES;
				SDKROOT = iphoneos;
				SWIFT_ACTIVE_COMPILATION_CONDITIONS = "DEBUG $(inherited)";
				SWIFT_OPTIMIZATION_LEVEL = "-Onone";
			};
			name = Debug;
		};
		AF8BEAB62DEB54AD0055E9ED /* Release */ = {
			isa = XCBuildConfiguration;
			buildSettings = {
				ALWAYS_SEARCH_USER_PATHS = NO;
				ASSETCATALOG_COMPILER_GENERATE_SWIFT_ASSET_SYMBOL_EXTENSIONS = YES;
				CLANG_ANALYZER_NONNULL = YES;
				CLANG_ANALYZER_NUMBER_OBJECT_CONVERSION = YES_AGGRESSIVE;
				CLANG_CXX_LANGUAGE_STANDARD = "gnu++20";
				CLANG_ENABLE_MODULES = YES;
				CLANG_ENABLE_OBJC_ARC = YES;
				CLANG_ENABLE_OBJC_WEAK = YES;
				CLANG_WARN_BLOCK_CAPTURE_AUTORELEASING = YES;
				CLANG_WARN_BOOL_CONVERSION = YES;
				CLANG_WARN_COMMA = YES;
				CLANG_WARN_CONSTANT_CONVERSION = YES;
				CLANG_WARN_DEPRECATED_OBJC_IMPLEMENTATIONS = YES;
				CLANG_WARN_DIRECT_OBJC_ISA_USAGE = YES_ERROR;
				CLANG_WARN_DOCUMENTATION_COMMENTS = YES;
				CLANG_WARN_EMPTY_BODY = YES;
				CLANG_WARN_ENUM_CONVERSION = YES;
				CLANG_WARN_INFINITE_RECURSION = YES;
				CLANG_WARN_INT_CONVERSION = YES;
				CLANG_WARN_NON_LITERAL_NULL_CONVERSION = YES;
				CLANG_WARN_OBJC_IMPLICIT_RETAIN_SELF = YES;
				CLANG_WARN_OBJC_LITERAL_CONVERSION = YES;
				CLANG_WARN_OBJC_ROOT_CLASS = YES_ERROR;
				CLANG_WARN_QUOTED_INCLUDE_IN_FRAMEWORK_HEADER = YES;
				CLANG_WARN_RANGE_LOOP_ANALYSIS = YES;
				CLANG_WARN_STRICT_PROTOTYPES = YES;
				CLANG_WARN_SUSPICIOUS_MOVE = YES;
				CLANG_WARN_UNGUARDED_AVAILABILITY = YES_AGGRESSIVE;
				CLANG_WARN_UNREACHABLE_CODE = YES;
				CLANG_WARN__DUPLICATE_METHOD_MATCH = YES;
				COPY_PHASE_STRIP = NO;
				DEBUG_INFORMATION_FORMAT = "dwarf-with-dsym";
				ENABLE_NS_ASSERTIONS = NO;
				ENABLE_STRICT_OBJC_MSGSEND = YES;
				ENABLE_USER_SCRIPT_SANDBOXING = YES;
				GCC_C_LANGUAGE_STANDARD = gnu17;
				GCC_NO_COMMON_BLOCKS = YES;
				GCC_WARN_64_TO_32_BIT_CONVERSION = YES;
				GCC_WARN_ABOUT_RETURN_TYPE = YES_ERROR;
				GCC_WARN_UNDECLARED_SELECTOR = YES;
				GCC_WARN_UNINITIALIZED_AUTOS = YES_AGGRESSIVE;
				GCC_WARN_UNUSED_FUNCTION = YES;
				GCC_WARN_UNUSED_VARIABLE = YES;
				IPHONEOS_DEPLOYMENT_TARGET = 18.0;
				LOCALIZATION_PREFERS_STRING_CATALOGS = YES;
				MTL_ENABLE_DEBUG_INFO = NO;
				MTL_FAST_MATH = YES;
				SDKROOT = iphoneos;
				SWIFT_COMPILATION_MODE = wholemodule;
				VALIDATE_PRODUCT = YES;
			};
			name = Release;
		};
		AF8BEAB82DEB54AD0055E9ED /* Debug */ = {
			isa = XCBuildConfiguration;
			buildSettings = {
				ASSETCATALOG_COMPILER_APPICON_NAME = AppIcon;
				ASSETCATALOG_COMPILER_GLOBAL_ACCENT_COLOR_NAME = AccentColor;
				CODE_SIGN_STYLE = Automatic;
				CURRENT_PROJECT_VERSION = 1;
				DEVELOPMENT_ASSET_PATHS = "\"Projektstudium_NBI/Preview Content\"";
				DEVELOPMENT_TEAM = 8N873SH853;
				ENABLE_PREVIEWS = YES;
				GENERATE_INFOPLIST_FILE = YES;
				INFOPLIST_FILE = "Projektstudium-NBI-Info.plist";
				INFOPLIST_KEY_NSLocalNetworkUsageDescription = "Dieses APP brauch Netzwerk Rechte";
				INFOPLIST_KEY_NSNearbyInteractionUsageDescription = "Die App benötigt Zugriff auf Nearby Interaction für präzises Peer-Tracking.";
				INFOPLIST_KEY_UIApplicationSceneManifest_Generation = YES;
				INFOPLIST_KEY_UIApplicationSupportsIndirectInputEvents = YES;
				INFOPLIST_KEY_UILaunchScreen_Generation = YES;
				INFOPLIST_KEY_UISupportedInterfaceOrientations_iPad = "UIInterfaceOrientationPortrait UIInterfaceOrientationPortraitUpsideDown UIInterfaceOrientationLandscapeLeft UIInterfaceOrientationLandscapeRight";
				INFOPLIST_KEY_UISupportedInterfaceOrientations_iPhone = "UIInterfaceOrientationPortrait UIInterfaceOrientationLandscapeLeft UIInterfaceOrientationLandscapeRight";
				IPHONEOS_DEPLOYMENT_TARGET = 17.6;
				LD_RUNPATH_SEARCH_PATHS = (
					"$(inherited)",
					"@executable_path/Frameworks",
				);
				MARKETING_VERSION = 1.0;
				PRODUCT_BUNDLE_IDENTIFIER = "com.example.Projektstudium-NBI";
				PRODUCT_NAME = "$(TARGET_NAME)";
				SWIFT_EMIT_LOC_STRINGS = YES;
				SWIFT_VERSION = 5.0;
				TARGETED_DEVICE_FAMILY = "1,2";
			};
			name = Debug;
		};
		AF8BEAB92DEB54AD0055E9ED /* Release */ = {
			isa = XCBuildConfiguration;
			buildSettings = {
				ASSETCATALOG_COMPILER_APPICON_NAME = AppIcon;
				ASSETCATALOG_COMPILER_GLOBAL_ACCENT_COLOR_NAME = AccentColor;
				CODE_SIGN_STYLE = Automatic;
				CURRENT_PROJECT_VERSION = 1;
				DEVELOPMENT_ASSET_PATHS = "\"Projektstudium_NBI/Preview Content\"";
				DEVELOPMENT_TEAM = 8N873SH853;
				ENABLE_PREVIEWS = YES;
				GENERATE_INFOPLIST_FILE = YES;
				INFOPLIST_FILE = "Projektstudium-NBI-Info.plist";
				INFOPLIST_KEY_NSLocalNetworkUsageDescription = "Dieses APP brauch Netzwerk Rechte";
				INFOPLIST_KEY_NSNearbyInteractionUsageDescription = "Die App benötigt Zugriff auf Nearby Interaction für präzises Peer-Tracking.";
				INFOPLIST_KEY_UIApplicationSceneManifest_Generation = YES;
				INFOPLIST_KEY_UIApplicationSupportsIndirectInputEvents = YES;
				INFOPLIST_KEY_UILaunchScreen_Generation = YES;
				INFOPLIST_KEY_UISupportedInterfaceOrientations_iPad = "UIInterfaceOrientationPortrait UIInterfaceOrientationPortraitUpsideDown UIInterfaceOrientationLandscapeLeft UIInterfaceOrientationLandscapeRight";
				INFOPLIST_KEY_UISupportedInterfaceOrientations_iPhone = "UIInterfaceOrientationPortrait UIInterfaceOrientationLandscapeLeft UIInterfaceOrientationLandscapeRight";
				IPHONEOS_DEPLOYMENT_TARGET = 17.6;
				LD_RUNPATH_SEARCH_PATHS = (
					"$(inherited)",
					"@executable_path/Frameworks",
				);
				MARKETING_VERSION = 1.0;
				PRODUCT_BUNDLE_IDENTIFIER = "com.example.Projektstudium-NBI";
				PRODUCT_NAME = "$(TARGET_NAME)";
				SWIFT_EMIT_LOC_STRINGS = YES;
				SWIFT_VERSION = 5.0;
				TARGETED_DEVICE_FAMILY = "1,2";
			};
			name = Release;
		};
		AF8BEABB2DEB54AD0055E9ED /* Debug */ = {
			isa = XCBuildConfiguration;
			buildSettings = {
				BUNDLE_LOADER = "$(TEST_HOST)";
				CODE_SIGN_STYLE = Automatic;
				CURRENT_PROJECT_VERSION = 1;
				DEVELOPMENT_TEAM = 8N873SH853;
				GENERATE_INFOPLIST_FILE = YES;
				IPHONEOS_DEPLOYMENT_TARGET = 18.0;
				MARKETING_VERSION = 1.0;
				PRODUCT_BUNDLE_IDENTIFIER = "com.example.Projektstudium-NBITests";
				PRODUCT_NAME = "$(TARGET_NAME)";
				SWIFT_EMIT_LOC_STRINGS = NO;
				SWIFT_VERSION = 5.0;
				TARGETED_DEVICE_FAMILY = "1,2";
				TEST_HOST = "$(BUILT_PRODUCTS_DIR)/Projektstudium_NBI.app/$(BUNDLE_EXECUTABLE_FOLDER_PATH)/Projektstudium_NBI";
			};
			name = Debug;
		};
		AF8BEABC2DEB54AD0055E9ED /* Release */ = {
			isa = XCBuildConfiguration;
			buildSettings = {
				BUNDLE_LOADER = "$(TEST_HOST)";
				CODE_SIGN_STYLE = Automatic;
				CURRENT_PROJECT_VERSION = 1;
				DEVELOPMENT_TEAM = 8N873SH853;
				GENERATE_INFOPLIST_FILE = YES;
				IPHONEOS_DEPLOYMENT_TARGET = 18.0;
				MARKETING_VERSION = 1.0;
				PRODUCT_BUNDLE_IDENTIFIER = "com.example.Projektstudium-NBITests";
				PRODUCT_NAME = "$(TARGET_NAME)";
				SWIFT_EMIT_LOC_STRINGS = NO;
				SWIFT_VERSION = 5.0;
				TARGETED_DEVICE_FAMILY = "1,2";
				TEST_HOST = "$(BUILT_PRODUCTS_DIR)/Projektstudium_NBI.app/$(BUNDLE_EXECUTABLE_FOLDER_PATH)/Projektstudium_NBI";
			};
			name = Release;
		};
		AF8BEABE2DEB54AD0055E9ED /* Debug */ = {
			isa = XCBuildConfiguration;
			buildSettings = {
				CODE_SIGN_STYLE = Automatic;
				CURRENT_PROJECT_VERSION = 1;
				DEVELOPMENT_TEAM = 8N873SH853;
				GENERATE_INFOPLIST_FILE = YES;
				MARKETING_VERSION = 1.0;
				PRODUCT_BUNDLE_IDENTIFIER = "com.example.Projektstudium-NBIUITests";
				PRODUCT_NAME = "$(TARGET_NAME)";
				SWIFT_EMIT_LOC_STRINGS = NO;
				SWIFT_VERSION = 5.0;
				TARGETED_DEVICE_FAMILY = "1,2";
				TEST_TARGET_NAME = Projektstudium_NBI;
			};
			name = Debug;
		};
		AF8BEABF2DEB54AD0055E9ED /* Release */ = {
			isa = XCBuildConfiguration;
			buildSettings = {
				CODE_SIGN_STYLE = Automatic;
				CURRENT_PROJECT_VERSION = 1;
				DEVELOPMENT_TEAM = 8N873SH853;
				GENERATE_INFOPLIST_FILE = YES;
				MARKETING_VERSION = 1.0;
				PRODUCT_BUNDLE_IDENTIFIER = "com.example.Projektstudium-NBIUITests";
				PRODUCT_NAME = "$(TARGET_NAME)";
				SWIFT_EMIT_LOC_STRINGS = NO;
				SWIFT_VERSION = 5.0;
				TARGETED_DEVICE_FAMILY = "1,2";
				TEST_TARGET_NAME = Projektstudium_NBI;
			};
			name = Release;
		};
/* End XCBuildConfiguration section */

/* Begin XCConfigurationList section */
		AF8BEA8E2DEB54AB0055E9ED /* Build configuration list for PBXProject "Projektstudium_NBI" */ = {
			isa = XCConfigurationList;
			buildConfigurations = (
				AF8BEAB52DEB54AD0055E9ED /* Debug */,
				AF8BEAB62DEB54AD0055E9ED /* Release */,
			);
			defaultConfigurationIsVisible = 0;
			defaultConfigurationName = Release;
		};
		AF8BEAB72DEB54AD0055E9ED /* Build configuration list for PBXNativeTarget "Projektstudium_NBI" */ = {
			isa = XCConfigurationList;
			buildConfigurations = (
				AF8BEAB82DEB54AD0055E9ED /* Debug */,
				AF8BEAB92DEB54AD0055E9ED /* Release */,
			);
			defaultConfigurationIsVisible = 0;
			defaultConfigurationName = Release;
		};
		AF8BEABA2DEB54AD0055E9ED /* Build configuration list for PBXNativeTarget "Projektstudium_NBITests" */ = {
			isa = XCConfigurationList;
			buildConfigurations = (
				AF8BEABB2DEB54AD0055E9ED /* Debug */,
				AF8BEABC2DEB54AD0055E9ED /* Release */,
			);
			defaultConfigurationIsVisible = 0;
			defaultConfigurationName = Release;
		};
		AF8BEABD2DEB54AD0055E9ED /* Build configuration list for PBXNativeTarget "Projektstudium_NBIUITests" */ = {
			isa = XCConfigurationList;
			buildConfigurations = (
				AF8BEABE2DEB54AD0055E9ED /* Debug */,
				AF8BEABF2DEB54AD0055E9ED /* Release */,
			);
			defaultConfigurationIsVisible = 0;
			defaultConfigurationName = Release;
		};
/* End XCConfigurationList section */
	};
	rootObject = AF8BEA8B2DEB54AB0055E9ED /* Project object */;
}
